
Microsoft Visual Studio Solution File, Format Version 12.00
# Visual Studio Version 17
VisualStudioVersion = 17.2.32602.215
MinimumVisualStudioVersion = 10.0.40219.1
Project("{FAE04EC0-301F-11D3-BF4B-00C04F79EFBC}") = "LinkFormatter", "LinkFormatter\LinkFormatter.csproj", "{BF58AE24-102D-40DC-92F0-5D4406169039}"
EndProject
Global
	GlobalSection(SolutionConfigurationPlatforms) = preSolution
		Debug|Any CPU = Debug|Any CPU
		Release|Any CPU = Release|Any CPU
	EndGlobalSection
	GlobalSection(ProjectConfigurationPlatforms) = postSolution
		{BF58AE24-102D-40DC-92F0-5D4406169039}.Debug|Any CPU.ActiveCfg = Debug|Any CPU
		{BF58AE24-102D-40DC-92F0-5D4406169039}.Debug|Any CPU.Build.0 = Debug|Any CPU
		{BF58AE24-102D-40DC-92F0-5D4406169039}.Release|Any CPU.ActiveCfg = Release|Any CPU
		{BF58AE24-102D-40DC-92F0-5D4406169039}.Release|Any CPU.Build.0 = Release|Any CPU
	EndGlobalSection
	GlobalSection(SolutionProperties) = preSolution
		HideSolutionNode = FALSE
	EndGlobalSection
	GlobalSection(ExtensibilityGlobals) = postSolution
		SolutionGuid = {ACF29FEE-1C72-4F51-9595-187E1D117884}
	EndGlobalSection
EndGlobal
